
Microsoft Visual Studio Solution File, Format Version 12.00
# Visual Studio Version 16
VisualStudioVersion = 16.0.29613.14
MinimumVisualStudioVersion = 10.0.40219.1
Project("{FAE04EC0-301F-11D3-BF4B-00C04F79EFBC}") = "theTestV2", "theTestV2\theTestV2.csproj", "{6F246FFD-0184-4F46-9F39-10FBD5C2EC36}"
EndProject
Global
	GlobalSection(SolutionConfigurationPlatforms) = preSolution
		Debug|Any CPU = Debug|Any CPU
		Release|Any CPU = Release|Any CPU
	EndGlobalSection
	GlobalSection(ProjectConfigurationPlatforms) = postSolution
		{6F246FFD-0184-4F46-9F39-10FBD5C2EC36}.Debug|Any CPU.ActiveCfg = Debug|Any CPU
		{6F246FFD-0184-4F46-9F39-10FBD5C2EC36}.Debug|Any CPU.Build.0 = Debug|Any CPU
		{6F246FFD-0184-4F46-9F39-10FBD5C2EC36}.Release|Any CPU.ActiveCfg = Release|Any CPU
		{6F246FFD-0184-4F46-9F39-10FBD5C2EC36}.Release|Any CPU.Build.0 = Release|Any CPU
	EndGlobalSection
	GlobalSection(SolutionProperties) = preSolution
		HideSolutionNode = FALSE
	EndGlobalSection
	GlobalSection(ExtensibilityGlobals) = postSolution
		SolutionGuid = {BDC0FAEA-A98A-48E0-809C-6DD6CFB23114}
	EndGlobalSection
EndGlobal
